
Microsoft Visual Studio Solution File, Format Version 12.00
# Visual Studio Version 17
VisualStudioVersion = 17.5.33530.505
MinimumVisualStudioVersion = 10.0.40219.1
Project("{888888A0-9F3D-457C-B088-3A5042F75D52}") = "PyChip8", "PyChip8.pyproj", "{1EA2B241-7F0C-490A-94A9-4081B4547D78}"
EndProject
Global
	GlobalSection(SolutionConfigurationPlatforms) = preSolution
		Debug|Any CPU = Debug|Any CPU
		Release|Any CPU = Release|Any CPU
	EndGlobalSection
	GlobalSection(ProjectConfigurationPlatforms) = postSolution
		{1EA2B241-7F0C-490A-94A9-4081B4547D78}.Debug|Any CPU.ActiveCfg = Debug|Any CPU
		{1EA2B241-7F0C-490A-94A9-4081B4547D78}.Release|Any CPU.ActiveCfg = Release|Any CPU
	EndGlobalSection
	GlobalSection(SolutionProperties) = preSolution
		HideSolutionNode = FALSE
	EndGlobalSection
	GlobalSection(ExtensibilityGlobals) = postSolution
		SolutionGuid = {BB8C8831-7076-46E9-9551-D98235017EF7}
	EndGlobalSection
EndGlobal
